
Microsoft Visual Studio Solution File, Format Version 12.00
# Visual Studio 2013
VisualStudioVersion = 12.0.21005.1
MinimumVisualStudioVersion = 10.0.40219.1
Project("{FAE04EC0-301F-11D3-BF4B-00C04F79EFBC}") = "Exam29March2015Morning", "Exam29March2015Morning\Exam29March2015Morning.csproj", "{AA1747EE-5DF9-4A36-AAAD-C86197794A6A}"
EndProject
Project("{FAE04EC0-301F-11D3-BF4B-00C04F79EFBC}") = "BasketBattle", "BasketBattle\BasketBattle.csproj", "{C3BAB271-84F0-40B1-B535-44032956716B}"
EndProject
Project("{FAE04EC0-301F-11D3-BF4B-00C04F79EFBC}") = "Dumbell", "Dumbell\Dumbell.csproj", "{B3DD2E73-712F-40B7-AC3D-DF5FB1217E57}"
EndProject
Project("{FAE04EC0-301F-11D3-BF4B-00C04F79EFBC}") = "EncryptedMatrix", "EncryptedMatrix\EncryptedMatrix.csproj", "{B3DBBC24-0A60-4F66-BC4C-6B30A126649B}"
EndProject
Project("{FAE04EC0-301F-11D3-BF4B-00C04F79EFBC}") = "GameOfBIts", "GameOfBIts\GameOfBIts.csproj", "{DD94C694-A98E-4318-A599-8B6AEF5B8BB2}"
EndProject
Global
	GlobalSection(SolutionConfigurationPlatforms) = preSolution
		Debug|Any CPU = Debug|Any CPU
		Release|Any CPU = Release|Any CPU
	EndGlobalSection
	GlobalSection(ProjectConfigurationPlatforms) = postSolution
		{AA1747EE-5DF9-4A36-AAAD-C86197794A6A}.Debug|Any CPU.ActiveCfg = Debug|Any CPU
		{AA1747EE-5DF9-4A36-AAAD-C86197794A6A}.Debug|Any CPU.Build.0 = Debug|Any CPU
		{AA1747EE-5DF9-4A36-AAAD-C86197794A6A}.Release|Any CPU.ActiveCfg = Release|Any CPU
		{AA1747EE-5DF9-4A36-AAAD-C86197794A6A}.Release|Any CPU.Build.0 = Release|Any CPU
		{C3BAB271-84F0-40B1-B535-44032956716B}.Debug|Any CPU.ActiveCfg = Debug|Any CPU
		{C3BAB271-84F0-40B1-B535-44032956716B}.Debug|Any CPU.Build.0 = Debug|Any CPU
		{C3BAB271-84F0-40B1-B535-44032956716B}.Release|Any CPU.ActiveCfg = Release|Any CPU
		{C3BAB271-84F0-40B1-B535-44032956716B}.Release|Any CPU.Build.0 = Release|Any CPU
		{B3DD2E73-712F-40B7-AC3D-DF5FB1217E57}.Debug|Any CPU.ActiveCfg = Debug|Any CPU
		{B3DD2E73-712F-40B7-AC3D-DF5FB1217E57}.Debug|Any CPU.Build.0 = Debug|Any CPU
		{B3DD2E73-712F-40B7-AC3D-DF5FB1217E57}.Release|Any CPU.ActiveCfg = Release|Any CPU
		{B3DD2E73-712F-40B7-AC3D-DF5FB1217E57}.Release|Any CPU.Build.0 = Release|Any CPU
		{B3DBBC24-0A60-4F66-BC4C-6B30A126649B}.Debug|Any CPU.ActiveCfg = Debug|Any CPU
		{B3DBBC24-0A60-4F66-BC4C-6B30A126649B}.Debug|Any CPU.Build.0 = Debug|Any CPU
		{B3DBBC24-0A60-4F66-BC4C-6B30A126649B}.Release|Any CPU.ActiveCfg = Release|Any CPU
		{B3DBBC24-0A60-4F66-BC4C-6B30A126649B}.Release|Any CPU.Build.0 = Release|Any CPU
		{DD94C694-A98E-4318-A599-8B6AEF5B8BB2}.Debug|Any CPU.ActiveCfg = Debug|Any CPU
		{DD94C694-A98E-4318-A599-8B6AEF5B8BB2}.Debug|Any CPU.Build.0 = Debug|Any CPU
		{DD94C694-A98E-4318-A599-8B6AEF5B8BB2}.Release|Any CPU.ActiveCfg = Release|Any CPU
		{DD94C694-A98E-4318-A599-8B6AEF5B8BB2}.Release|Any CPU.Build.0 = Release|Any CPU
	EndGlobalSection
	GlobalSection(SolutionProperties) = preSolution
		HideSolutionNode = FALSE
	EndGlobalSection
EndGlobal
