
Microsoft Visual Studio Solution File, Format Version 12.00
# Visual Studio 2013
VisualStudioVersion = 12.0.21005.1
MinimumVisualStudioVersion = 10.0.40219.1
Project("{FAE04EC0-301F-11D3-BF4B-00C04F79EFBC}") = "DailyCalorieIntake", "BasicExam30.08.15\DailyCalorieIntake.csproj", "{ADF3D2EC-999F-4870-9C02-029452A63799}"
EndProject
Project("{FAE04EC0-301F-11D3-BF4B-00C04F79EFBC}") = "TheFootballStatician", "TheFootballStatician\TheFootballStatician.csproj", "{A3A689A9-B7A5-4B73-9EF9-B3B4637CCED6}"
EndProject
Project("{FAE04EC0-301F-11D3-BF4B-00C04F79EFBC}") = "StrippedTowel", "StrippedTowel\StrippedTowel.csproj", "{A28988EE-0229-46D6-9FD2-FF4B2DA2B8B6}"
EndProject
Project("{FAE04EC0-301F-11D3-BF4B-00C04F79EFBC}") = "TeleportPoints", "TeleportPoints\TeleportPoints.csproj", "{1894D20B-AE9B-410D-996E-416BAD0B424D}"
EndProject
Project("{FAE04EC0-301F-11D3-BF4B-00C04F79EFBC}") = "WaveBits", "WaveBits\WaveBits.csproj", "{1EAF0D7F-3359-449E-B0CB-ECB4137D1125}"
EndProject
Global
	GlobalSection(SolutionConfigurationPlatforms) = preSolution
		Debug|Any CPU = Debug|Any CPU
		Release|Any CPU = Release|Any CPU
	EndGlobalSection
	GlobalSection(ProjectConfigurationPlatforms) = postSolution
		{ADF3D2EC-999F-4870-9C02-029452A63799}.Debug|Any CPU.ActiveCfg = Debug|Any CPU
		{ADF3D2EC-999F-4870-9C02-029452A63799}.Debug|Any CPU.Build.0 = Debug|Any CPU
		{ADF3D2EC-999F-4870-9C02-029452A63799}.Release|Any CPU.ActiveCfg = Release|Any CPU
		{ADF3D2EC-999F-4870-9C02-029452A63799}.Release|Any CPU.Build.0 = Release|Any CPU
		{A3A689A9-B7A5-4B73-9EF9-B3B4637CCED6}.Debug|Any CPU.ActiveCfg = Debug|Any CPU
		{A3A689A9-B7A5-4B73-9EF9-B3B4637CCED6}.Debug|Any CPU.Build.0 = Debug|Any CPU
		{A3A689A9-B7A5-4B73-9EF9-B3B4637CCED6}.Release|Any CPU.ActiveCfg = Release|Any CPU
		{A3A689A9-B7A5-4B73-9EF9-B3B4637CCED6}.Release|Any CPU.Build.0 = Release|Any CPU
		{A28988EE-0229-46D6-9FD2-FF4B2DA2B8B6}.Debug|Any CPU.ActiveCfg = Debug|Any CPU
		{A28988EE-0229-46D6-9FD2-FF4B2DA2B8B6}.Debug|Any CPU.Build.0 = Debug|Any CPU
		{A28988EE-0229-46D6-9FD2-FF4B2DA2B8B6}.Release|Any CPU.ActiveCfg = Release|Any CPU
		{A28988EE-0229-46D6-9FD2-FF4B2DA2B8B6}.Release|Any CPU.Build.0 = Release|Any CPU
		{1894D20B-AE9B-410D-996E-416BAD0B424D}.Debug|Any CPU.ActiveCfg = Debug|Any CPU
		{1894D20B-AE9B-410D-996E-416BAD0B424D}.Debug|Any CPU.Build.0 = Debug|Any CPU
		{1894D20B-AE9B-410D-996E-416BAD0B424D}.Release|Any CPU.ActiveCfg = Release|Any CPU
		{1894D20B-AE9B-410D-996E-416BAD0B424D}.Release|Any CPU.Build.0 = Release|Any CPU
		{1EAF0D7F-3359-449E-B0CB-ECB4137D1125}.Debug|Any CPU.ActiveCfg = Debug|Any CPU
		{1EAF0D7F-3359-449E-B0CB-ECB4137D1125}.Debug|Any CPU.Build.0 = Debug|Any CPU
		{1EAF0D7F-3359-449E-B0CB-ECB4137D1125}.Release|Any CPU.ActiveCfg = Release|Any CPU
		{1EAF0D7F-3359-449E-B0CB-ECB4137D1125}.Release|Any CPU.Build.0 = Release|Any CPU
	EndGlobalSection
	GlobalSection(SolutionProperties) = preSolution
		HideSolutionNode = FALSE
	EndGlobalSection
EndGlobal
