
Microsoft Visual Studio Solution File, Format Version 12.00
# Visual Studio 2013
VisualStudioVersion = 12.0.21005.1
MinimumVisualStudioVersion = 10.0.40219.1
Project("{FAE04EC0-301F-11D3-BF4B-00C04F79EFBC}") = "ExamPrepApril26Morning", "ExamPrepApril26Morning\ExamPrepApril26Morning.csproj", "{0B59559F-BD99-40DE-B014-3DA21D049820}"
EndProject
Project("{FAE04EC0-301F-11D3-BF4B-00C04F79EFBC}") = "ChessBoardGame", "ChessBoardGame\ChessBoardGame.csproj", "{D7052C4B-23F0-43D0-AB4D-FACEB245F318}"
EndProject
Project("{FAE04EC0-301F-11D3-BF4B-00C04F79EFBC}") = "KingOfThiefes", "KingOfThiefes\KingOfThiefes.csproj", "{2CF18600-1FBE-49A5-9D1D-B1E0C8929753}"
EndProject
Project("{FAE04EC0-301F-11D3-BF4B-00C04F79EFBC}") = "DecryptMessage", "DecryptMessage\DecryptMessage.csproj", "{FE7547B0-A46A-4BF1-9F00-4B629DA85660}"
EndProject
Project("{FAE04EC0-301F-11D3-BF4B-00C04F79EFBC}") = "BitsAtCrossRoads", "BitsAtCrossRoads\BitsAtCrossRoads.csproj", "{54CB9B9A-8A56-4A77-9C86-E199A50C759A}"
EndProject
Global
	GlobalSection(SolutionConfigurationPlatforms) = preSolution
		Debug|Any CPU = Debug|Any CPU
		Release|Any CPU = Release|Any CPU
	EndGlobalSection
	GlobalSection(ProjectConfigurationPlatforms) = postSolution
		{0B59559F-BD99-40DE-B014-3DA21D049820}.Debug|Any CPU.ActiveCfg = Debug|Any CPU
		{0B59559F-BD99-40DE-B014-3DA21D049820}.Debug|Any CPU.Build.0 = Debug|Any CPU
		{0B59559F-BD99-40DE-B014-3DA21D049820}.Release|Any CPU.ActiveCfg = Release|Any CPU
		{0B59559F-BD99-40DE-B014-3DA21D049820}.Release|Any CPU.Build.0 = Release|Any CPU
		{D7052C4B-23F0-43D0-AB4D-FACEB245F318}.Debug|Any CPU.ActiveCfg = Debug|Any CPU
		{D7052C4B-23F0-43D0-AB4D-FACEB245F318}.Debug|Any CPU.Build.0 = Debug|Any CPU
		{D7052C4B-23F0-43D0-AB4D-FACEB245F318}.Release|Any CPU.ActiveCfg = Release|Any CPU
		{D7052C4B-23F0-43D0-AB4D-FACEB245F318}.Release|Any CPU.Build.0 = Release|Any CPU
		{2CF18600-1FBE-49A5-9D1D-B1E0C8929753}.Debug|Any CPU.ActiveCfg = Debug|Any CPU
		{2CF18600-1FBE-49A5-9D1D-B1E0C8929753}.Debug|Any CPU.Build.0 = Debug|Any CPU
		{2CF18600-1FBE-49A5-9D1D-B1E0C8929753}.Release|Any CPU.ActiveCfg = Release|Any CPU
		{2CF18600-1FBE-49A5-9D1D-B1E0C8929753}.Release|Any CPU.Build.0 = Release|Any CPU
		{FE7547B0-A46A-4BF1-9F00-4B629DA85660}.Debug|Any CPU.ActiveCfg = Debug|Any CPU
		{FE7547B0-A46A-4BF1-9F00-4B629DA85660}.Debug|Any CPU.Build.0 = Debug|Any CPU
		{FE7547B0-A46A-4BF1-9F00-4B629DA85660}.Release|Any CPU.ActiveCfg = Release|Any CPU
		{FE7547B0-A46A-4BF1-9F00-4B629DA85660}.Release|Any CPU.Build.0 = Release|Any CPU
		{54CB9B9A-8A56-4A77-9C86-E199A50C759A}.Debug|Any CPU.ActiveCfg = Debug|Any CPU
		{54CB9B9A-8A56-4A77-9C86-E199A50C759A}.Debug|Any CPU.Build.0 = Debug|Any CPU
		{54CB9B9A-8A56-4A77-9C86-E199A50C759A}.Release|Any CPU.ActiveCfg = Release|Any CPU
		{54CB9B9A-8A56-4A77-9C86-E199A50C759A}.Release|Any CPU.Build.0 = Release|Any CPU
	EndGlobalSection
	GlobalSection(SolutionProperties) = preSolution
		HideSolutionNode = FALSE
	EndGlobalSection
EndGlobal
